// !$*UTF8*$!
{
	archiveVersion = 1;
	classes = {
	};
	objectVersion = 46;
	objects = {

/* Begin PBXBuildFile section */
		6FD10D0E1D93B65800902812 /* AppDelegate.swift in Sources */ = {isa = PBXBuildFile; fileRef = 6FD10D0D1D93B65800902812 /* AppDelegate.swift */; };
		6FD10D101D93B65800902812 /* ViewController.swift in Sources */ = {isa = PBXBuildFile; fileRef = 6FD10D0F1D93B65800902812 /* ViewController.swift */; };
		6FD10D131D93B65800902812 /* Main.storyboard in Resources */ = {isa = PBXBuildFile; fileRef = 6FD10D111D93B65800902812 /* Main.storyboard */; };
		6FD10D151D93B65800902812 /* Assets.xcassets in Resources */ = {isa = PBXBuildFile; fileRef = 6FD10D141D93B65800902812 /* Assets.xcassets */; };
		6FD10D181D93B65800902812 /* LaunchScreen.storyboard in Resources */ = {isa = PBXBuildFile; fileRef = 6FD10D161D93B65800902812 /* LaunchScreen.storyboard */; };
		6FD10D231D93B65800902812 /* SpriteKitMemoryLeakTests.swift in Sources */ = {isa = PBXBuildFile; fileRef = 6FD10D221D93B65800902812 /* SpriteKitMemoryLeakTests.swift */; };
		6FD10D2E1D93B65800902812 /* SpriteKitMemoryLeakUITests.swift in Sources */ = {isa = PBXBuildFile; fileRef = 6FD10D2D1D93B65800902812 /* SpriteKitMemoryLeakUITests.swift */; };
/* End PBXBuildFile section */

/* Begin PBXContainerItemProxy section */
		6FD10D1F1D93B65800902812 /* PBXContainerItemProxy */ = {
			isa = PBXContainerItemProxy;
			containerPortal = 6FD10D021D93B65800902812 /* Project object */;
			proxyType = 1;
			remoteGlobalIDString = 6FD10D091D93B65800902812;
			remoteInfo = SpriteKitMemoryLeak;
		};
		6FD10D2A1D93B65800902812 /* PBXContainerItemProxy */ = {
			isa = PBXContainerItemProxy;
			containerPortal = 6FD10D021D93B65800902812 /* Project object */;
			proxyType = 1;
			remoteGlobalIDString = 6FD10D091D93B65800902812;
			remoteInfo = SpriteKitMemoryLeak;
		};
/* End PBXContainerItemProxy section */

/* Begin PBXFileReference section */
		6FD10D0A1D93B65800902812 /* SpriteKitMemoryLeak.app */ = {isa = PBXFileReference; explicitFileType = wrapper.application; includeInIndex = 0; path = SpriteKitMemoryLeak.app; sourceTree = BUILT_PRODUCTS_DIR; };
		6FD10D0D1D93B65800902812 /* AppDelegate.swift */ = {isa = PBXFileReference; lastKnownFileType = sourcecode.swift; path = AppDelegate.swift; sourceTree = "<group>"; };
		6FD10D0F1D93B65800902812 /* ViewController.swift */ = {isa = PBXFileReference; lastKnownFileType = sourcecode.swift; path = ViewController.swift; sourceTree = "<group>"; };
		6FD10D121D93B65800902812 /* Base */ = {isa = PBXFileReference; lastKnownFileType = file.storyboard; name = Base; path = Base.lproj/Main.storyboard; sourceTree = "<group>"; };
		6FD10D141D93B65800902812 /* Assets.xcassets */ = {isa = PBXFileReference; lastKnownFileType = folder.assetcatalog; path = Assets.xcassets; sourceTree = "<group>"; };
		6FD10D171D93B65800902812 /* Base */ = {isa = PBXFileReference; lastKnownFileType = file.storyboard; name = Base; path = Base.lproj/LaunchScreen.storyboard; sourceTree = "<group>"; };
		6FD10D191D93B65800902812 /* Info.plist */ = {isa = PBXFileReference; lastKnownFileType = text.plist.xml; path = Info.plist; sourceTree = "<group>"; };
		6FD10D1E1D93B65800902812 /* SpriteKitMemoryLeakTests.xctest */ = {isa = PBXFileReference; explicitFileType = wrapper.cfbundle; includeInIndex = 0; path = SpriteKitMemoryLeakTests.xctest; sourceTree = BUILT_PRODUCTS_DIR; };
		6FD10D221D93B65800902812 /* SpriteKitMemoryLeakTests.swift */ = {isa = PBXFileReference; lastKnownFileType = sourcecode.swift; path = SpriteKitMemoryLeakTests.swift; sourceTree = "<group>"; };
		6FD10D241D93B65800902812 /* Info.plist */ = {isa = PBXFileReference; lastKnownFileType = text.plist.xml; path = Info.plist; sourceTree = "<group>"; };
		6FD10D291D93B65800902812 /* SpriteKitMemoryLeakUITests.xctest */ = {isa = PBXFileReference; explicitFileType = wrapper.cfbundle; includeInIndex = 0; path = SpriteKitMemoryLeakUITests.xctest; sourceTree = BUILT_PRODUCTS_DIR; };
		6FD10D2D1D93B65800902812 /* SpriteKitMemoryLeakUITests.swift */ = {isa = PBXFileReference; lastKnownFileType = sourcecode.swift; path = SpriteKitMemoryLeakUITests.swift; sourceTree = "<group>"; };
		6FD10D2F1D93B65800902812 /* Info.plist */ = {isa = PBXFileReference; lastKnownFileType = text.plist.xml; path = Info.plist; sourceTree = "<group>"; };
/* End PBXFileReference section */

/* Begin PBXFrameworksBuildPhase section */
		6FD10D071D93B65800902812 /* Frameworks */ = {
			isa = PBXFrameworksBuildPhase;
			buildActionMask = 2147483647;
			files = (
			);
			runOnlyForDeploymentPostprocessing = 0;
		};
		6FD10D1B1D93B65800902812 /* Frameworks */ = {
			isa = PBXFrameworksBuildPhase;
			buildActionMask = 2147483647;
			files = (
			);
			runOnlyForDeploymentPostprocessing = 0;
		};
		6FD10D261D93B65800902812 /* Frameworks */ = {
			isa = PBXFrameworksBuildPhase;
			buildActionMask = 2147483647;
			files = (
			);
			runOnlyForDeploymentPostprocessing = 0;
		};
/* End PBXFrameworksBuildPhase section */

/* Begin PBXGroup section */
		6FD10D011D93B65800902812 = {
			isa = PBXGroup;
			children = (
				6FD10D0C1D93B65800902812 /* SpriteKitMemoryLeak */,
				6FD10D211D93B65800902812 /* SpriteKitMemoryLeakTests */,
				6FD10D2C1D93B65800902812 /* SpriteKitMemoryLeakUITests */,
				6FD10D0B1D93B65800902812 /* Products */,
			);
			sourceTree = "<group>";
		};
		6FD10D0B1D93B65800902812 /* Products */ = {
			isa = PBXGroup;
			children = (
				6FD10D0A1D93B65800902812 /* SpriteKitMemoryLeak.app */,
				6FD10D1E1D93B65800902812 /* SpriteKitMemoryLeakTests.xctest */,
				6FD10D291D93B65800902812 /* SpriteKitMemoryLeakUITests.xctest */,
			);
			name = Products;
			sourceTree = "<group>";
		};
		6FD10D0C1D93B65800902812 /* SpriteKitMemoryLeak */ = {
			isa = PBXGroup;
			children = (
				6FD10D0D1D93B65800902812 /* AppDelegate.swift */,
				6FD10D0F1D93B65800902812 /* ViewController.swift */,
				6FD10D111D93B65800902812 /* Main.storyboard */,
				6FD10D141D93B65800902812 /* Assets.xcassets */,
				6FD10D161D93B65800902812 /* LaunchScreen.storyboard */,
				6FD10D191D93B65800902812 /* Info.plist */,
			);
			path = SpriteKitMemoryLeak;
			sourceTree = "<group>";
		};
		6FD10D211D93B65800902812 /* SpriteKitMemoryLeakTests */ = {
			isa = PBXGroup;
			children = (
				6FD10D221D93B65800902812 /* SpriteKitMemoryLeakTests.swift */,
				6FD10D241D93B65800902812 /* Info.plist */,
			);
			path = SpriteKitMemoryLeakTests;
			sourceTree = "<group>";
		};
		6FD10D2C1D93B65800902812 /* SpriteKitMemoryLeakUITests */ = {
			isa = PBXGroup;
			children = (
				6FD10D2D1D93B65800902812 /* SpriteKitMemoryLeakUITests.swift */,
				6FD10D2F1D93B65800902812 /* Info.plist */,
			);
			path = SpriteKitMemoryLeakUITests;
			sourceTree = "<group>";
		};
/* End PBXGroup section */

/* Begin PBXNativeTarget section */
		6FD10D091D93B65800902812 /* SpriteKitMemoryLeak */ = {
			isa = PBXNativeTarget;
			buildConfigurationList = 6FD10D321D93B65800902812 /* Build configuration list for PBXNativeTarget "SpriteKitMemoryLeak" */;
			buildPhases = (
				6FD10D061D93B65800902812 /* Sources */,
				6FD10D071D93B65800902812 /* Frameworks */,
				6FD10D081D93B65800902812 /* Resources */,
			);
			buildRules = (
			);
			dependencies = (
			);
			name = SpriteKitMemoryLeak;
			productName = SpriteKitMemoryLeak;
			productReference = 6FD10D0A1D93B65800902812 /* SpriteKitMemoryLeak.app */;
			productType = "com.apple.product-type.application";
		};
		6FD10D1D1D93B65800902812 /* SpriteKitMemoryLeakTests */ = {
			isa = PBXNativeTarget;
			buildConfigurationList = 6FD10D351D93B65800902812 /* Build configuration list for PBXNativeTarget "SpriteKitMemoryLeakTests" */;
			buildPhases = (
				6FD10D1A1D93B65800902812 /* Sources */,
				6FD10D1B1D93B65800902812 /* Frameworks */,
				6FD10D1C1D93B65800902812 /* Resources */,
			);
			buildRules = (
			);
			dependencies = (
				6FD10D201D93B65800902812 /* PBXTargetDependency */,
			);
			name = SpriteKitMemoryLeakTests;
			productName = SpriteKitMemoryLeakTests;
			productReference = 6FD10D1E1D93B65800902812 /* SpriteKitMemoryLeakTests.xctest */;
			productType = "com.apple.product-type.bundle.unit-test";
		};
		6FD10D281D93B65800902812 /* SpriteKitMemoryLeakUITests */ = {
			isa = PBXNativeTarget;
			buildConfigurationList = 6FD10D381D93B65800902812 /* Build configuration list for PBXNativeTarget "SpriteKitMemoryLeakUITests" */;
			buildPhases = (
				6FD10D251D93B65800902812 /* Sources */,
				6FD10D261D93B65800902812 /* Frameworks */,
				6FD10D271D93B65800902812 /* Resources */,
			);
			buildRules = (
			);
			dependencies = (
				6FD10D2B1D93B65800902812 /* PBXTargetDependency */,
			);
			name = SpriteKitMemoryLeakUITests;
			productName = SpriteKitMemoryLeakUITests;
			productReference = 6FD10D291D93B65800902812 /* SpriteKitMemoryLeakUITests.xctest */;
			productType = "com.apple.product-type.bundle.ui-testing";
		};
/* End PBXNativeTarget section */

/* Begin PBXProject section */
		6FD10D021D93B65800902812 /* Project object */ = {
			isa = PBXProject;
			attributes = {
				LastSwiftUpdateCheck = 0800;
				LastUpgradeCheck = 0800;
				ORGANIZATIONNAME = "Guillaume Sabran";
				TargetAttributes = {
					6FD10D091D93B65800902812 = {
						CreatedOnToolsVersion = 8.0;
						DevelopmentTeam = V25XX8Q7L2;
						ProvisioningStyle = Automatic;
					};
					6FD10D1D1D93B65800902812 = {
						CreatedOnToolsVersion = 8.0;
						DevelopmentTeam = V25XX8Q7L2;
						ProvisioningStyle = Automatic;
						TestTargetID = 6FD10D091D93B65800902812;
					};
					6FD10D281D93B65800902812 = {
						CreatedOnToolsVersion = 8.0;
						DevelopmentTeam = V25XX8Q7L2;
						ProvisioningStyle = Automatic;
						TestTargetID = 6FD10D091D93B65800902812;
					};
				};
			};
			buildConfigurationList = 6FD10D051D93B65800902812 /* Build configuration list for PBXProject "SpriteKitMemoryLeak" */;
			compatibilityVersion = "Xcode 3.2";
			developmentRegion = English;
			hasScannedForEncodings = 0;
			knownRegions = (
				en,
				Base,
			);
			mainGroup = 6FD10D011D93B65800902812;
			productRefGroup = 6FD10D0B1D93B65800902812 /* Products */;
			projectDirPath = "";
			projectRoot = "";
			targets = (
				6FD10D091D93B65800902812 /* SpriteKitMemoryLeak */,
				6FD10D1D1D93B65800902812 /* SpriteKitMemoryLeakTests */,
				6FD10D281D93B65800902812 /* SpriteKitMemoryLeakUITests */,
			);
		};
/* End PBXProject section */

/* Begin PBXResourcesBuildPhase section */
		6FD10D081D93B65800902812 /* Resources */ = {
			isa = PBXResourcesBuildPhase;
			buildActionMask = 2147483647;
			files = (
				6FD10D181D93B65800902812 /* LaunchScreen.storyboard in Resources */,
				6FD10D151D93B65800902812 /* Assets.xcassets in Resources */,
				6FD10D131D93B65800902812 /* Main.storyboard in Resources */,
			);
			runOnlyForDeploymentPostprocessing = 0;
		};
		6FD10D1C1D93B65800902812 /* Resources */ = {
			isa = PBXResourcesBuildPhase;
			buildActionMask = 2147483647;
			files = (
			);
			runOnlyForDeploymentPostprocessing = 0;
		};
		6FD10D271D93B65800902812 /* Resources */ = {
			isa = PBXResourcesBuildPhase;
			buildActionMask = 2147483647;
			files = (
			);
			runOnlyForDeploymentPostprocessing = 0;
		};
/* End PBXResourcesBuildPhase section */

/* Begin PBXSourcesBuildPhase section */
		6FD10D061D93B65800902812 /* Sources */ = {
			isa = PBXSourcesBuildPhase;
			buildActionMask = 2147483647;
			files = (
				6FD10D101D93B65800902812 /* ViewController.swift in Sources */,
				6FD10D0E1D93B65800902812 /* AppDelegate.swift in Sources */,
			);
			runOnlyForDeploymentPostprocessing = 0;
		};
		6FD10D1A1D93B65800902812 /* Sources */ = {
			isa = PBXSourcesBuildPhase;
			buildActionMask = 2147483647;
			files = (
				6FD10D231D93B65800902812 /* SpriteKitMemoryLeakTests.swift in Sources */,
			);
			runOnlyForDeploymentPostprocessing = 0;
		};
		6FD10D251D93B65800902812 /* Sources */ = {
			isa = PBXSourcesBuildPhase;
			buildActionMask = 2147483647;
			files = (
				6FD10D2E1D93B65800902812 /* SpriteKitMemoryLeakUITests.swift in Sources */,
			);
			runOnlyForDeploymentPostprocessing = 0;
		};
/* End PBXSourcesBuildPhase section */

/* Begin PBXTargetDependency section */
		6FD10D201D93B65800902812 /* PBXTargetDependency */ = {
			isa = PBXTargetDependency;
			target = 6FD10D091D93B65800902812 /* SpriteKitMemoryLeak */;
			targetProxy = 6FD10D1F1D93B65800902812 /* PBXContainerItemProxy */;
		};
		6FD10D2B1D93B65800902812 /* PBXTargetDependency */ = {
			isa = PBXTargetDependency;
			target = 6FD10D091D93B65800902812 /* SpriteKitMemoryLeak */;
			targetProxy = 6FD10D2A1D93B65800902812 /* PBXContainerItemProxy */;
		};
/* End PBXTargetDependency section */

/* Begin PBXVariantGroup section */
		6FD10D111D93B65800902812 /* Main.storyboard */ = {
			isa = PBXVariantGroup;
			children = (
				6FD10D121D93B65800902812 /* Base */,
			);
			name = Main.storyboard;
			sourceTree = "<group>";
		};
		6FD10D161D93B65800902812 /* LaunchScreen.storyboard */ = {
			isa = PBXVariantGroup;
			children = (
				6FD10D171D93B65800902812 /* Base */,
			);
			name = LaunchScreen.storyboard;
			sourceTree = "<group>";
		};
/* End PBXVariantGroup section */

/* Begin XCBuildConfiguration section */
		6FD10D301D93B65800902812 /* Debug */ = {
			isa = XCBuildConfiguration;
			buildSettings = {
				ALWAYS_SEARCH_USER_PATHS = NO;
				CLANG_ANALYZER_NONNULL = YES;
				CLANG_CXX_LANGUAGE_STANDARD = "gnu++0x";
				CLANG_CXX_LIBRARY = "libc++";
				CLANG_ENABLE_MODULES = YES;
				CLANG_ENABLE_OBJC_ARC = YES;
				CLANG_WARN_BOOL_CONVERSION = YES;
				CLANG_WARN_CONSTANT_CONVERSION = YES;
				CLANG_WARN_DIRECT_OBJC_ISA_USAGE = YES_ERROR;
				CLANG_WARN_DOCUMENTATION_COMMENTS = YES;
				CLANG_WARN_EMPTY_BODY = YES;
				CLANG_WARN_ENUM_CONVERSION = YES;
				CLANG_WARN_INFINITE_RECURSION = YES;
				CLANG_WARN_INT_CONVERSION = YES;
				CLANG_WARN_OBJC_ROOT_CLASS = YES_ERROR;
				CLANG_WARN_SUSPICIOUS_MOVES = YES;
				CLANG_WARN_UNREACHABLE_CODE = YES;
				CLANG_WARN__DUPLICATE_METHOD_MATCH = YES;
				"CODE_SIGN_IDENTITY[sdk=iphoneos*]" = "iPhone Developer";
				COPY_PHASE_STRIP = NO;
				DEBUG_INFORMATION_FORMAT = dwarf;
				ENABLE_STRICT_OBJC_MSGSEND = YES;
				ENABLE_TESTABILITY = YES;
				GCC_C_LANGUAGE_STANDARD = gnu99;
				GCC_DYNAMIC_NO_PIC = NO;
				GCC_NO_COMMON_BLOCKS = YES;
				GCC_OPTIMIZATION_LEVEL = 0;
				GCC_PREPROCESSOR_DEFINITIONS = (
					"DEBUG=1",
					"$(inherited)",
				);
				GCC_WARN_64_TO_32_BIT_CONVERSION = YES;
				GCC_WARN_ABOUT_RETURN_TYPE = YES_ERROR;
				GCC_WARN_UNDECLARED_SELECTOR = YES;
				GCC_WARN_UNINITIALIZED_AUTOS = YES_AGGRESSIVE;
				GCC_WARN_UNUSED_FUNCTION = YES;
				GCC_WARN_UNUSED_VARIABLE = YES;
				IPHONEOS_DEPLOYMENT_TARGET = 10.0;
				MTL_ENABLE_DEBUG_INFO = YES;
				ONLY_ACTIVE_ARCH = YES;
				SDKROOT = iphoneos;
				SWIFT_ACTIVE_COMPILATION_CONDITIONS = DEBUG;
				SWIFT_OPTIMIZATION_LEVEL = "-Onone";
				TARGETED_DEVICE_FAMILY = "1,2";
			};
			name = Debug;
		};
		6FD10D311D93B65800902812 /* Release */ = {
			isa = XCBuildConfiguration;
			buildSettings = {
				ALWAYS_SEARCH_USER_PATHS = NO;
				CLANG_ANALYZER_NONNULL = YES;
				CLANG_CXX_LANGUAGE_STANDARD = "gnu++0x";
				CLANG_CXX_LIBRARY = "libc++";
				CLANG_ENABLE_MODULES = YES;
				CLANG_ENABLE_OBJC_ARC = YES;
				CLANG_WARN_BOOL_CONVERSION = YES;
				CLANG_WARN_CONSTANT_CONVERSION = YES;
				CLANG_WARN_DIRECT_OBJC_ISA_USAGE = YES_ERROR;
				CLANG_WARN_DOCUMENTATION_COMMENTS = YES;
				CLANG_WARN_EMPTY_BODY = YES;
				CLANG_WARN_ENUM_CONVERSION = YES;
				CLANG_WARN_INFINITE_RECURSION = YES;
				CLANG_WARN_INT_CONVERSION = YES;
				CLANG_WARN_OBJC_ROOT_CLASS = YES_ERROR;
				CLANG_WARN_SUSPICIOUS_MOVES = YES;
				CLANG_WARN_UNREACHABLE_CODE = YES;
				CLANG_WARN__DUPLICATE_METHOD_MATCH = YES;
				"CODE_SIGN_IDENTITY[sdk=iphoneos*]" = "iPhone Developer";
				COPY_PHASE_STRIP = NO;
				DEBUG_INFORMATION_FORMAT = "dwarf-with-dsym";
				ENABLE_NS_ASSERTIONS = NO;
				ENABLE_STRICT_OBJC_MSGSEND = YES;
				GCC_C_LANGUAGE_STANDARD = gnu99;
				GCC_NO_COMMON_BLOCKS = YES;
				GCC_WARN_64_TO_32_BIT_CONVERSION = YES;
				GCC_WARN_ABOUT_RETURN_TYPE = YES_ERROR;
				GCC_WARN_UNDECLARED_SELECTOR = YES;
				GCC_WARN_UNINITIALIZED_AUTOS = YES_AGGRESSIVE;
				GCC_WARN_UNUSED_FUNCTION = YES;
				GCC_WARN_UNUSED_VARIABLE = YES;
				IPHONEOS_DEPLOYMENT_TARGET = 10.0;
				MTL_ENABLE_DEBUG_INFO = NO;
				SDKROOT = iphoneos;
				SWIFT_OPTIMIZATION_LEVEL = "-Owholemodule";
				TARGETED_DEVICE_FAMILY = "1,2";
				VALIDATE_PRODUCT = YES;
			};
			name = Release;
		};
		6FD10D331D93B65800902812 /* Debug */ = {
			isa = XCBuildConfiguration;
			buildSettings = {
				ASSETCATALOG_COMPILER_APPICON_NAME = AppIcon;
				DEVELOPMENT_TEAM = V25XX8Q7L2;
				INFOPLIST_FILE = SpriteKitMemoryLeak/Info.plist;
				LD_RUNPATH_SEARCH_PATHS = "$(inherited) @executable_path/Frameworks";
				PRODUCT_BUNDLE_IDENTIFIER = com.papero.360PlayerSwift.SpriteKitMemoryLeak;
				PRODUCT_NAME = "$(TARGET_NAME)";
				SWIFT_VERSION = 3.0;
			};
			name = Debug;
		};
		6FD10D341D93B65800902812 /* Release */ = {
			isa = XCBuildConfiguration;
			buildSettings = {
				ASSETCATALOG_COMPILER_APPICON_NAME = AppIcon;
				DEVELOPMENT_TEAM = V25XX8Q7L2;
				INFOPLIST_FILE = SpriteKitMemoryLeak/Info.plist;
				LD_RUNPATH_SEARCH_PATHS = "$(inherited) @executable_path/Frameworks";
				PRODUCT_BUNDLE_IDENTIFIER = com.papero.360PlayerSwift.SpriteKitMemoryLeak;
				PRODUCT_NAME = "$(TARGET_NAME)";
				SWIFT_VERSION = 3.0;
			};
			name = Release;
		};
		6FD10D361D93B65800902812 /* Debug */ = {
			isa = XCBuildConfiguration;
			buildSettings = {
				ALWAYS_EMBED_SWIFT_STANDARD_LIBRARIES = YES;
				BUNDLE_LOADER = "$(TEST_HOST)";
				DEVELOPMENT_TEAM = V25XX8Q7L2;
				INFOPLIST_FILE = SpriteKitMemoryLeakTests/Info.plist;
				LD_RUNPATH_SEARCH_PATHS = "$(inherited) @executable_path/Frameworks @loader_path/Frameworks";
				PRODUCT_BUNDLE_IDENTIFIER = com.papero.360PlayerSwift.SpriteKitMemoryLeakTests;
				PRODUCT_NAME = "$(TARGET_NAME)";
				SWIFT_VERSION = 3.0;
				TEST_HOST = "$(BUILT_PRODUCTS_DIR)/SpriteKitMemoryLeak.app/SpriteKitMemoryLeak";
			};
			name = Debug;
		};
		6FD10D371D93B65800902812 /* Release */ = {
			isa = XCBuildConfiguration;
			buildSettings = {
				ALWAYS_EMBED_SWIFT_STANDARD_LIBRARIES = YES;
				BUNDLE_LOADER = "$(TEST_HOST)";
				DEVELOPMENT_TEAM = V25XX8Q7L2;
				INFOPLIST_FILE = SpriteKitMemoryLeakTests/Info.plist;
				LD_RUNPATH_SEARCH_PATHS = "$(inherited) @executable_path/Frameworks @loader_path/Frameworks";
				PRODUCT_BUNDLE_IDENTIFIER = com.papero.360PlayerSwift.SpriteKitMemoryLeakTests;
				PRODUCT_NAME = "$(TARGET_NAME)";
				SWIFT_VERSION = 3.0;
				TEST_HOST = "$(BUILT_PRODUCTS_DIR)/SpriteKitMemoryLeak.app/SpriteKitMemoryLeak";
			};
			name = Release;
		};
		6FD10D391D93B65800902812 /* Debug */ = {
			isa = XCBuildConfiguration;
			buildSettings = {
				ALWAYS_EMBED_SWIFT_STANDARD_LIBRARIES = YES;
				DEVELOPMENT_TEAM = V25XX8Q7L2;
				INFOPLIST_FILE = SpriteKitMemoryLeakUITests/Info.plist;
				LD_RUNPATH_SEARCH_PATHS = "$(inherited) @executable_path/Frameworks @loader_path/Frameworks";
				PRODUCT_BUNDLE_IDENTIFIER = com.papero.360PlayerSwift.SpriteKitMemoryLeakUITests;
				PRODUCT_NAME = "$(TARGET_NAME)";
				SWIFT_VERSION = 3.0;
				TEST_TARGET_NAME = SpriteKitMemoryLeak;
			};
			name = Debug;
		};
		6FD10D3A1D93B65800902812 /* Release */ = {
			isa = XCBuildConfiguration;
			buildSettings = {
				ALWAYS_EMBED_SWIFT_STANDARD_LIBRARIES = YES;
				DEVELOPMENT_TEAM = V25XX8Q7L2;
				INFOPLIST_FILE = SpriteKitMemoryLeakUITests/Info.plist;
				LD_RUNPATH_SEARCH_PATHS = "$(inherited) @executable_path/Frameworks @loader_path/Frameworks";
				PRODUCT_BUNDLE_IDENTIFIER = com.papero.360PlayerSwift.SpriteKitMemoryLeakUITests;
				PRODUCT_NAME = "$(TARGET_NAME)";
				SWIFT_VERSION = 3.0;
				TEST_TARGET_NAME = SpriteKitMemoryLeak;
			};
			name = Release;
		};
/* End XCBuildConfiguration section */

/* Begin XCConfigurationList section */
		6FD10D051D93B65800902812 /* Build configuration list for PBXProject "SpriteKitMemoryLeak" */ = {
			isa = XCConfigurationList;
			buildConfigurations = (
				6FD10D301D93B65800902812 /* Debug */,
				6FD10D311D93B65800902812 /* Release */,
			);
			defaultConfigurationIsVisible = 0;
			defaultConfigurationName = Release;
		};
		6FD10D321D93B65800902812 /* Build configuration list for PBXNativeTarget "SpriteKitMemoryLeak" */ = {
			isa = XCConfigurationList;
			buildConfigurations = (
				6FD10D331D93B65800902812 /* Debug */,
				6FD10D341D93B65800902812 /* Release */,
			);
			defaultConfigurationIsVisible = 0;
		};
		6FD10D351D93B65800902812 /* Build configuration list for PBXNativeTarget "SpriteKitMemoryLeakTests" */ = {
			isa = XCConfigurationList;
			buildConfigurations = (
				6FD10D361D93B65800902812 /* Debug */,
				6FD10D371D93B65800902812 /* Release */,
			);
			defaultConfigurationIsVisible = 0;
		};
		6FD10D381D93B65800902812 /* Build configuration list for PBXNativeTarget "SpriteKitMemoryLeakUITests" */ = {
			isa = XCConfigurationList;
			buildConfigurations = (
				6FD10D391D93B65800902812 /* Debug */,
				6FD10D3A1D93B65800902812 /* Release */,
			);
			defaultConfigurationIsVisible = 0;
		};
/* End XCConfigurationList section */
	};
	rootObject = 6FD10D021D93B65800902812 /* Project object */;
}
